
Microsoft Visual Studio Solution File, Format Version 12.00
# Visual Studio Version 16
VisualStudioVersion = 16.0.31605.320
MinimumVisualStudioVersion = 10.0.40219.1
Project("{9A19103F-16F7-4668-BE54-9A1E7A4F7556}") = "BestWesternWeb", "BestWesternWeb\BestWesternWeb.csproj", "{E9A7CC55-C33C-45E9-BE3E-B10123D56051}"
EndProject
Project("{FAE04EC0-301F-11D3-BF4B-00C04F79EFBC}") = "DataAccess", "DataAccess\DataAccess.csproj", "{E99F6D03-638F-42C1-81C9-53C592A66528}"
EndProject
Project("{FAE04EC0-301F-11D3-BF4B-00C04F79EFBC}") = "ScraperLib", "ScraperLib\ScraperLib.csproj", "{765F1594-EDD2-4027-BA52-7C7EA6F4E928}"
EndProject
Global
	GlobalSection(SolutionConfigurationPlatforms) = preSolution
		Debug|Any CPU = Debug|Any CPU
		Release|Any CPU = Release|Any CPU
	EndGlobalSection
	GlobalSection(ProjectConfigurationPlatforms) = postSolution
		{E9A7CC55-C33C-45E9-BE3E-B10123D56051}.Debug|Any CPU.ActiveCfg = Debug|Any CPU
		{E9A7CC55-C33C-45E9-BE3E-B10123D56051}.Debug|Any CPU.Build.0 = Debug|Any CPU
		{E9A7CC55-C33C-45E9-BE3E-B10123D56051}.Release|Any CPU.ActiveCfg = Release|Any CPU
		{E9A7CC55-C33C-45E9-BE3E-B10123D56051}.Release|Any CPU.Build.0 = Release|Any CPU
		{E99F6D03-638F-42C1-81C9-53C592A66528}.Debug|Any CPU.ActiveCfg = Debug|Any CPU
		{E99F6D03-638F-42C1-81C9-53C592A66528}.Debug|Any CPU.Build.0 = Debug|Any CPU
		{E99F6D03-638F-42C1-81C9-53C592A66528}.Release|Any CPU.ActiveCfg = Release|Any CPU
		{E99F6D03-638F-42C1-81C9-53C592A66528}.Release|Any CPU.Build.0 = Release|Any CPU
		{765F1594-EDD2-4027-BA52-7C7EA6F4E928}.Debug|Any CPU.ActiveCfg = Debug|Any CPU
		{765F1594-EDD2-4027-BA52-7C7EA6F4E928}.Debug|Any CPU.Build.0 = Debug|Any CPU
		{765F1594-EDD2-4027-BA52-7C7EA6F4E928}.Release|Any CPU.ActiveCfg = Release|Any CPU
		{765F1594-EDD2-4027-BA52-7C7EA6F4E928}.Release|Any CPU.Build.0 = Release|Any CPU
	EndGlobalSection
	GlobalSection(SolutionProperties) = preSolution
		HideSolutionNode = FALSE
	EndGlobalSection
	GlobalSection(ExtensibilityGlobals) = postSolution
		SolutionGuid = {0DA6CFAB-BEFE-48AE-BC61-B5707469CEA2}
	EndGlobalSection
EndGlobal
